
Microsoft Visual Studio Solution File, Format Version 12.00
# Visual Studio Version 16
VisualStudioVersion = 16.0.30517.126
MinimumVisualStudioVersion = 10.0.40219.1
Project("{FAE04EC0-301F-11D3-BF4B-00C04F79EFBC}") = "Mobily", "Mobily.csproj", "{88465E26-D793-4BAB-87EF-E5BA28D94DCC}"
EndProject
Global
	GlobalSection(SolutionConfigurationPlatforms) = preSolution
		Debug|Any CPU = Debug|Any CPU
		Release|Any CPU = Release|Any CPU
	EndGlobalSection
	GlobalSection(ProjectConfigurationPlatforms) = postSolution
		{88465E26-D793-4BAB-87EF-E5BA28D94DCC}.Debug|Any CPU.ActiveCfg = Debug|Any CPU
		{88465E26-D793-4BAB-87EF-E5BA28D94DCC}.Debug|Any CPU.Build.0 = Debug|Any CPU
		{88465E26-D793-4BAB-87EF-E5BA28D94DCC}.Release|Any CPU.ActiveCfg = Release|Any CPU
		{88465E26-D793-4BAB-87EF-E5BA28D94DCC}.Release|Any CPU.Build.0 = Release|Any CPU
	EndGlobalSection
	GlobalSection(SolutionProperties) = preSolution
		HideSolutionNode = FALSE
	EndGlobalSection
	GlobalSection(ExtensibilityGlobals) = postSolution
		SolutionGuid = {74A1A490-958A-40BC-9472-308EA067711B}
	EndGlobalSection
EndGlobal
